uxplay-windows.repository=https://github.com/leapbtw/uxplay-windows
uxplay-windows.release=2.0.0.1736
uxplay-windows.source.commit=8cf3424b438424bc99a89155bd29a789f48a43c0
uxplay-windows.asset=uxplay-windows.zip
uxplay-windows.asset.sha256=9D3A51C15FC9DB857351195E7EB7BBB21700D9AE25D936A54BCF8536B62CCA18

uxplay.repository=https://github.com/FDH2/UxPlay
uxplay.release=v1.73.6
uxplay.commit=21eef8df25d91e12635c36d8176ad192725baca2

libuxplay.repository=https://github.com/leapbtw/libuxplay
libuxplay.commit=437f37514257d9cb513ac7fbdee743b4da85852e

aeromirror.uxplay-windows.patch.sha256=EBC949F1943F1CF9AF9F299CCEE29A817647F3547788BAC0F525E4A76729FF81
aeromirror.libuxplay.patch.sha256=B127564D17E8A752D1C16B7D52B13B89BAB88992D358C0A9935C0544F75B997E
aeromirror.headless-executable.sha256=E4601B1BDAE661AF63A3F92C9FDA01CA66E54B6E2C5A36EDF802BAF0338CE6F6

runtime.msys2=20260611
runtime.gstreamer=1.28.1
build.gstreamer=1.28.5
runtime.gstreamer.core.path=libgstreamer-1.0-0.dll
runtime.gstreamer.core.sha256=F2ED35F5089521F9C050530AB74B56C297CC48A190E6CDB80D5E370400ADFFA0
runtime.gstreamer.wasapi2.path=lib/gstreamer-1.0/libgstwasapi2.dll
runtime.gstreamer.wasapi2.sha256=EACD2DC97902D575298E65C4167F26C5809D82B26EF60B4E134F08DC08F35619
runtime.gstreamer.wasapi2.required-property=continue-on-error
runtime.qt=6.10.1
runtime.qt.package=mingw-w64-ucrt-x86_64-qt6-base-6.10.1-1-any.pkg.tar.zst
runtime.qt.package.url=https://repo.msys2.org/mingw/ucrt64/mingw-w64-ucrt-x86_64-qt6-base-6.10.1-1-any.pkg.tar.zst
runtime.qt.package.sha256=1F7E95DFA1968910460087E8235C274BA5E14365E0F79EDC0C7672D951544D65
runtime.qt.package.signing-key=5F944B027F7FE2091985AA2EFA11531AA0AA7F57
native.source-date-epoch=1786008050
